// !$*UTF8*$!
{
	archiveVersion = 1;
	classes = {
	};
	objectVersion = 46;
	objects = {

/* Begin PBXBuildFile section */
		DF8005891E7AC9BA00527DE8 /* AppDelegate.swift in Sources */ = {isa = PBXBuildFile; fileRef = DF8005881E7AC9BA00527DE8 /* AppDelegate.swift */; };
		DF80058E1E7AC9BA00527DE8 /* Main.storyboard in Resources */ = {isa = PBXBuildFile; fileRef = DF80058C1E7AC9BA00527DE8 /* Main.storyboard */; };
		DF8005901E7AC9BA00527DE8 /* Assets.xcassets in Resources */ = {isa = PBXBuildFile; fileRef = DF80058F1E7AC9BA00527DE8 /* Assets.xcassets */; };
		DF8005931E7AC9BA00527DE8 /* LaunchScreen.storyboard in Resources */ = {isa = PBXBuildFile; fileRef = DF8005911E7AC9BA00527DE8 /* LaunchScreen.storyboard */; };
		DF80059B1E7ACDE300527DE8 /* GroceriesTableViewController.swift in Sources */ = {isa = PBXBuildFile; fileRef = DF80059A1E7ACDE300527DE8 /* GroceriesTableViewController.swift */; };
		DF80059D1E7AE99B00527DE8 /* GroceryItem.swift in Sources */ = {isa = PBXBuildFile; fileRef = DF80059C1E7AE99B00527DE8 /* GroceryItem.swift */; };
/* End PBXBuildFile section */

/* Begin PBXFileReference section */
		DF8005851E7AC9BA00527DE8 /* Groceries.app */ = {isa = PBXFileReference; explicitFileType = wrapper.application; includeInIndex = 0; path = Groceries.app; sourceTree = BUILT_PRODUCTS_DIR; };
		DF8005881E7AC9BA00527DE8 /* AppDelegate.swift */ = {isa = PBXFileReference; lastKnownFileType = sourcecode.swift; path = AppDelegate.swift; sourceTree = "<group>"; };
		DF80058D1E7AC9BA00527DE8 /* Base */ = {isa = PBXFileReference; lastKnownFileType = file.storyboard; name = Base; path = Base.lproj/Main.storyboard; sourceTree = "<group>"; };
		DF80058F1E7AC9BA00527DE8 /* Assets.xcassets */ = {isa = PBXFileReference; lastKnownFileType = folder.assetcatalog; path = Assets.xcassets; sourceTree = "<group>"; };
		DF8005921E7AC9BA00527DE8 /* Base */ = {isa = PBXFileReference; lastKnownFileType = file.storyboard; name = Base; path = Base.lproj/LaunchScreen.storyboard; sourceTree = "<group>"; };
		DF8005941E7AC9BA00527DE8 /* Info.plist */ = {isa = PBXFileReference; lastKnownFileType = text.plist.xml; path = Info.plist; sourceTree = "<group>"; };
		DF80059A1E7ACDE300527DE8 /* GroceriesTableViewController.swift */ = {isa = PBXFileReference; fileEncoding = 4; lastKnownFileType = sourcecode.swift; path = GroceriesTableViewController.swift; sourceTree = SOURCE_ROOT; };
		DF80059C1E7AE99B00527DE8 /* GroceryItem.swift */ = {isa = PBXFileReference; fileEncoding = 4; lastKnownFileType = sourcecode.swift; path = GroceryItem.swift; sourceTree = "<group>"; };
/* End PBXFileReference section */

/* Begin PBXFrameworksBuildPhase section */
		DF8005821E7AC9BA00527DE8 /* Frameworks */ = {
			isa = PBXFrameworksBuildPhase;
			buildActionMask = 2147483647;
			files = (
			);
			runOnlyForDeploymentPostprocessing = 0;
		};
/* End PBXFrameworksBuildPhase section */

/* Begin PBXGroup section */
		DF80057C1E7AC9BA00527DE8 = {
			isa = PBXGroup;
			children = (
				DF8005871E7AC9BA00527DE8 /* Groceries */,
				DF8005861E7AC9BA00527DE8 /* Products */,
			);
			sourceTree = "<group>";
		};
		DF8005861E7AC9BA00527DE8 /* Products */ = {
			isa = PBXGroup;
			children = (
				DF8005851E7AC9BA00527DE8 /* Groceries.app */,
			);
			name = Products;
			sourceTree = "<group>";
		};
		DF8005871E7AC9BA00527DE8 /* Groceries */ = {
			isa = PBXGroup;
			children = (
				DF8005881E7AC9BA00527DE8 /* AppDelegate.swift */,
				DF80059A1E7ACDE300527DE8 /* GroceriesTableViewController.swift */,
				DF80059C1E7AE99B00527DE8 /* GroceryItem.swift */,
				DF80058C1E7AC9BA00527DE8 /* Main.storyboard */,
				DF80058F1E7AC9BA00527DE8 /* Assets.xcassets */,
				DF8005911E7AC9BA00527DE8 /* LaunchScreen.storyboard */,
				DF8005941E7AC9BA00527DE8 /* Info.plist */,
			);
			path = Groceries;
			sourceTree = "<group>";
		};
/* End PBXGroup section */

/* Begin PBXNativeTarget section */
		DF8005841E7AC9BA00527DE8 /* Groceries */ = {
			isa = PBXNativeTarget;
			buildConfigurationList = DF8005971E7AC9BA00527DE8 /* Build configuration list for PBXNativeTarget "Groceries" */;
			buildPhases = (
				DF8005811E7AC9BA00527DE8 /* Sources */,
				DF8005821E7AC9BA00527DE8 /* Frameworks */,
				DF8005831E7AC9BA00527DE8 /* Resources */,
			);
			buildRules = (
			);
			dependencies = (
			);
			name = Groceries;
			productName = Groceries;
			productReference = DF8005851E7AC9BA00527DE8 /* Groceries.app */;
			productType = "com.apple.product-type.application";
		};
/* End PBXNativeTarget section */

/* Begin PBXProject section */
		DF80057D1E7AC9BA00527DE8 /* Project object */ = {
			isa = PBXProject;
			attributes = {
				LastSwiftUpdateCheck = 0820;
				LastUpgradeCheck = 0820;
				ORGANIZATIONNAME = "The Iron Yard";
				TargetAttributes = {
					DF8005841E7AC9BA00527DE8 = {
						CreatedOnToolsVersion = 8.2.1;
						ProvisioningStyle = Automatic;
					};
				};
			};
			buildConfigurationList = DF8005801E7AC9BA00527DE8 /* Build configuration list for PBXProject "Groceries" */;
			compatibilityVersion = "Xcode 3.2";
			developmentRegion = English;
			hasScannedForEncodings = 0;
			knownRegions = (
				en,
				Base,
			);
			mainGroup = DF80057C1E7AC9BA00527DE8;
			productRefGroup = DF8005861E7AC9BA00527DE8 /* Products */;
			projectDirPath = "";
			projectRoot = "";
			targets = (
				DF8005841E7AC9BA00527DE8 /* Groceries */,
			);
		};
/* End PBXProject section */

/* Begin PBXResourcesBuildPhase section */
		DF8005831E7AC9BA00527DE8 /* Resources */ = {
			isa = PBXResourcesBuildPhase;
			buildActionMask = 2147483647;
			files = (
				DF8005931E7AC9BA00527DE8 /* LaunchScreen.storyboard in Resources */,
				DF8005901E7AC9BA00527DE8 /* Assets.xcassets in Resources */,
				DF80058E1E7AC9BA00527DE8 /* Main.storyboard in Resources */,
			);
			runOnlyForDeploymentPostprocessing = 0;
		};
/* End PBXResourcesBuildPhase section */

/* Begin PBXSourcesBuildPhase section */
		DF8005811E7AC9BA00527DE8 /* Sources */ = {
			isa = PBXSourcesBuildPhase;
			buildActionMask = 2147483647;
			files = (
				DF8005891E7AC9BA00527DE8 /* AppDelegate.swift in Sources */,
				DF80059D1E7AE99B00527DE8 /* GroceryItem.swift in Sources */,
				DF80059B1E7ACDE300527DE8 /* GroceriesTableViewController.swift in Sources */,
			);
			runOnlyForDeploymentPostprocessing = 0;
		};
/* End PBXSourcesBuildPhase section */

/* Begin PBXVariantGroup section */
		DF80058C1E7AC9BA00527DE8 /* Main.storyboard */ = {
			isa = PBXVariantGroup;
			children = (
				DF80058D1E7AC9BA00527DE8 /* Base */,
			);
			name = Main.storyboard;
			sourceTree = "<group>";
		};
		DF8005911E7AC9BA00527DE8 /* LaunchScreen.storyboard */ = {
			isa = PBXVariantGroup;
			children = (
				DF8005921E7AC9BA00527DE8 /* Base */,
			);
			name = LaunchScreen.storyboard;
			sourceTree = "<group>";
		};
/* End PBXVariantGroup section */

/* Begin XCBuildConfiguration section */
		DF8005951E7AC9BA00527DE8 /* Debug */ = {
			isa = XCBuildConfiguration;
			buildSettings = {
				ALWAYS_SEARCH_USER_PATHS = NO;
				CLANG_ANALYZER_NONNULL = YES;
				CLANG_CXX_LANGUAGE_STANDARD = "gnu++0x";
				CLANG_CXX_LIBRARY = "libc++";
				CLANG_ENABLE_MODULES = YES;
				CLANG_ENABLE_OBJC_ARC = YES;
				CLANG_WARN_BOOL_CONVERSION = YES;
				CLANG_WARN_CONSTANT_CONVERSION = YES;
				CLANG_WARN_DIRECT_OBJC_ISA_USAGE = YES_ERROR;
				CLANG_WARN_DOCUMENTATION_COMMENTS = YES;
				CLANG_WARN_EMPTY_BODY = YES;
				CLANG_WARN_ENUM_CONVERSION = YES;
				CLANG_WARN_INFINITE_RECURSION = YES;
				CLANG_WARN_INT_CONVERSION = YES;
				CLANG_WARN_OBJC_ROOT_CLASS = YES_ERROR;
				CLANG_WARN_SUSPICIOUS_MOVE = YES;
				CLANG_WARN_UNREACHABLE_CODE = YES;
				CLANG_WARN__DUPLICATE_METHOD_MATCH = YES;
				"CODE_SIGN_IDENTITY[sdk=iphoneos*]" = "iPhone Developer";
				COPY_PHASE_STRIP = NO;
				DEBUG_INFORMATION_FORMAT = dwarf;
				ENABLE_STRICT_OBJC_MSGSEND = YES;
				ENABLE_TESTABILITY = YES;
				GCC_C_LANGUAGE_STANDARD = gnu99;
				GCC_DYNAMIC_NO_PIC = NO;
				GCC_NO_COMMON_BLOCKS = YES;
				GCC_OPTIMIZATION_LEVEL = 0;
				GCC_PREPROCESSOR_DEFINITIONS = (
					"DEBUG=1",
					"$(inherited)",
				);
				GCC_WARN_64_TO_32_BIT_CONVERSION = YES;
				GCC_WARN_ABOUT_RETURN_TYPE = YES_ERROR;
				GCC_WARN_UNDECLARED_SELECTOR = YES;
				GCC_WARN_UNINITIALIZED_AUTOS = YES_AGGRESSIVE;
				GCC_WARN_UNUSED_FUNCTION = YES;
				GCC_WARN_UNUSED_VARIABLE = YES;
				IPHONEOS_DEPLOYMENT_TARGET = 10.2;
				MTL_ENABLE_DEBUG_INFO = YES;
				ONLY_ACTIVE_ARCH = YES;
				SDKROOT = iphoneos;
				SWIFT_ACTIVE_COMPILATION_CONDITIONS = DEBUG;
				SWIFT_OPTIMIZATION_LEVEL = "-Onone";
			};
			name = Debug;
		};
		DF8005961E7AC9BA00527DE8 /* Release */ = {
			isa = XCBuildConfiguration;
			buildSettings = {
				ALWAYS_SEARCH_USER_PATHS = NO;
				CLANG_ANALYZER_NONNULL = YES;
				CLANG_CXX_LANGUAGE_STANDARD = "gnu++0x";
				CLANG_CXX_LIBRARY = "libc++";
				CLANG_ENABLE_MODULES = YES;
				CLANG_ENABLE_OBJC_ARC = YES;
				CLANG_WARN_BOOL_CONVERSION = YES;
				CLANG_WARN_CONSTANT_CONVERSION = YES;
				CLANG_WARN_DIRECT_OBJC_ISA_USAGE = YES_ERROR;
				CLANG_WARN_DOCUMENTATION_COMMENTS = YES;
				CLANG_WARN_EMPTY_BODY = YES;
				CLANG_WARN_ENUM_CONVERSION = YES;
				CLANG_WARN_INFINITE_RECURSION = YES;
				CLANG_WARN_INT_CONVERSION = YES;
				CLANG_WARN_OBJC_ROOT_CLASS = YES_ERROR;
				CLANG_WARN_SUSPICIOUS_MOVE = YES;
				CLANG_WARN_UNREACHABLE_CODE = YES;
				CLANG_WARN__DUPLICATE_METHOD_MATCH = YES;
				"CODE_SIGN_IDENTITY[sdk=iphoneos*]" = "iPhone Developer";
				COPY_PHASE_STRIP = NO;
				DEBUG_INFORMATION_FORMAT = "dwarf-with-dsym";
				ENABLE_NS_ASSERTIONS = NO;
				ENABLE_STRICT_OBJC_MSGSEND = YES;
				GCC_C_LANGUAGE_STANDARD = gnu99;
				GCC_NO_COMMON_BLOCKS = YES;
				GCC_WARN_64_TO_32_BIT_CONVERSION = YES;
				GCC_WARN_ABOUT_RETURN_TYPE = YES_ERROR;
				GCC_WARN_UNDECLARED_SELECTOR = YES;
				GCC_WARN_UNINITIALIZED_AUTOS = YES_AGGRESSIVE;
				GCC_WARN_UNUSED_FUNCTION = YES;
				GCC_WARN_UNUSED_VARIABLE = YES;
				IPHONEOS_DEPLOYMENT_TARGET = 10.2;
				MTL_ENABLE_DEBUG_INFO = NO;
				SDKROOT = iphoneos;
				SWIFT_OPTIMIZATION_LEVEL = "-Owholemodule";
				VALIDATE_PRODUCT = YES;
			};
			name = Release;
		};
		DF8005981E7AC9BA00527DE8 /* Debug */ = {
			isa = XCBuildConfiguration;
			buildSettings = {
				ASSETCATALOG_COMPILER_APPICON_NAME = AppIcon;
				INFOPLIST_FILE = Groceries/Info.plist;
				LD_RUNPATH_SEARCH_PATHS = "$(inherited) @executable_path/Frameworks";
				PRODUCT_BUNDLE_IDENTIFIER = com.tiy.Groceries;
				PRODUCT_NAME = "$(TARGET_NAME)";
				SWIFT_VERSION = 3.0;
			};
			name = Debug;
		};
		DF8005991E7AC9BA00527DE8 /* Release */ = {
			isa = XCBuildConfiguration;
			buildSettings = {
				ASSETCATALOG_COMPILER_APPICON_NAME = AppIcon;
				INFOPLIST_FILE = Groceries/Info.plist;
				LD_RUNPATH_SEARCH_PATHS = "$(inherited) @executable_path/Frameworks";
				PRODUCT_BUNDLE_IDENTIFIER = com.tiy.Groceries;
				PRODUCT_NAME = "$(TARGET_NAME)";
				SWIFT_VERSION = 3.0;
			};
			name = Release;
		};
/* End XCBuildConfiguration section */

/* Begin XCConfigurationList section */
		DF8005801E7AC9BA00527DE8 /* Build configuration list for PBXProject "Groceries" */ = {
			isa = XCConfigurationList;
			buildConfigurations = (
				DF8005951E7AC9BA00527DE8 /* Debug */,
				DF8005961E7AC9BA00527DE8 /* Release */,
			);
			defaultConfigurationIsVisible = 0;
			defaultConfigurationName = Release;
		};
		DF8005971E7AC9BA00527DE8 /* Build configuration list for PBXNativeTarget "Groceries" */ = {
			isa = XCConfigurationList;
			buildConfigurations = (
				DF8005981E7AC9BA00527DE8 /* Debug */,
				DF8005991E7AC9BA00527DE8 /* Release */,
			);
			defaultConfigurationIsVisible = 0;
		};
/* End XCConfigurationList section */
	};
	rootObject = DF80057D1E7AC9BA00527DE8 /* Project object */;
}
